dependencies:
- name: mortise-core
  repository: file://../mortise-core
  version: 0.1.0
- name: traefik
  repository: https://traefik.github.io/charts
  version: 34.3.0
- name: cert-manager
  repository: https://charts.jetstack.io
  version: v1.17.1
- name: metrics-server
  repository: https://kubernetes-sigs.github.io/metrics-server/
  version: 3.12.2
digest: sha256:df0b6f987cd75af3563c822265a74d555361d6db84d0411e1f69e1d263669151
generated: "2026-07-04T18:13:46.427828-06:00"
