dependencies:
- name: mortise-core
  repository: file://../mortise-core
  version: 0.1.0
- name: traefik
  repository: https://traefik.github.io/charts
  version: 34.3.0
- name: cert-manager
  repository: https://charts.jetstack.io
  version: v1.17.1
- name: metrics-server
  repository: https://kubernetes-sigs.github.io/metrics-server/
  version: 3.12.2
digest: sha256:7af329cec186992d2a89305d93892b891ba8b8f66e19c3391180c7f3a6ad8fb6
generated: "2026-07-04T21:59:42.119163-06:00"
